// !$*UTF8*$!
{
	archiveVersion = 1;
	classes = {
	};
	objectVersion = 46;
	objects = {

/* Begin PBXBuildFile section */
		09ACE571199FD44800D97AC8 /* Foundation.framework in Frameworks */ = {isa = PBXBuildFile; fileRef = 09ACE570199FD44800D97AC8 /* Foundation.framework */; };
		09ACE573199FD44800D97AC8 /* CoreGraphics.framework in Frameworks */ = {isa = PBXBuildFile; fileRef = 09ACE572199FD44800D97AC8 /* CoreGraphics.framework */; };
		09ACE575199FD44800D97AC8 /* UIKit.framework in Frameworks */ = {isa = PBXBuildFile; fileRef = 09ACE574199FD44800D97AC8 /* UIKit.framework */; };
		09ACE577199FD44800D97AC8 /* SpriteKit.framework in Frameworks */ = {isa = PBXBuildFile; fileRef = 09ACE576199FD44800D97AC8 /* SpriteKit.framework */; };
		09ACE57D199FD44800D97AC8 /* InfoPlist.strings in Resources */ = {isa = PBXBuildFile; fileRef = 09ACE57B199FD44800D97AC8 /* InfoPlist.strings */; };
		09ACE57F199FD44800D97AC8 /* main.m in Sources */ = {isa = PBXBuildFile; fileRef = 09ACE57E199FD44800D97AC8 /* main.m */; };
		09ACE583199FD44800D97AC8 /* AppDelegate.m in Sources */ = {isa = PBXBuildFile; fileRef = 09ACE582199FD44800D97AC8 /* AppDelegate.m */; };
		09ACE586199FD44800D97AC8 /* Main_iPhone.storyboard in Resources */ = {isa = PBXBuildFile; fileRef = 09ACE584199FD44800D97AC8 /* Main_iPhone.storyboard */; };
		09ACE589199FD44800D97AC8 /* Main_iPad.storyboard in Resources */ = {isa = PBXBuildFile; fileRef = 09ACE587199FD44800D97AC8 /* Main_iPad.storyboard */; };
		09ACE58C199FD44800D97AC8 /* ViewController.m in Sources */ = {isa = PBXBuildFile; fileRef = 09ACE58B199FD44800D97AC8 /* ViewController.m */; };
		09ACE58F199FD44800D97AC8 /* MyScene.m in Sources */ = {isa = PBXBuildFile; fileRef = 09ACE58E199FD44800D97AC8 /* MyScene.m */; };
		09ACE591199FD44800D97AC8 /* Spaceship.png in Resources */ = {isa = PBXBuildFile; fileRef = 09ACE590199FD44800D97AC8 /* Spaceship.png */; };
		09ACE593199FD44800D97AC8 /* Images.xcassets in Resources */ = {isa = PBXBuildFile; fileRef = 09ACE592199FD44800D97AC8 /* Images.xcassets */; };
		09ACE59A199FD44800D97AC8 /* XCTest.framework in Frameworks */ = {isa = PBXBuildFile; fileRef = 09ACE599199FD44800D97AC8 /* XCTest.framework */; };
		09ACE59B199FD44800D97AC8 /* Foundation.framework in Frameworks */ = {isa = PBXBuildFile; fileRef = 09ACE570199FD44800D97AC8 /* Foundation.framework */; };
		09ACE59C199FD44800D97AC8 /* UIKit.framework in Frameworks */ = {isa = PBXBuildFile; fileRef = 09ACE574199FD44800D97AC8 /* UIKit.framework */; };
		09ACE5A4199FD44800D97AC8 /* InfoPlist.strings in Resources */ = {isa = PBXBuildFile; fileRef = 09ACE5A2199FD44800D97AC8 /* InfoPlist.strings */; };
		09ACE5A6199FD44800D97AC8 /* clone2048Tests.m in Sources */ = {isa = PBXBuildFile; fileRef = 09ACE5A5199FD44800D97AC8 /* clone2048Tests.m */; };
/* End PBXBuildFile section */

/* Begin PBXContainerItemProxy section */
		09ACE59D199FD44800D97AC8 /* PBXContainerItemProxy */ = {
			isa = PBXContainerItemProxy;
			containerPortal = 09ACE565199FD44800D97AC8 /* Project object */;
			proxyType = 1;
			remoteGlobalIDString = 09ACE56C199FD44800D97AC8;
			remoteInfo = clone2048;
		};
/* End PBXContainerItemProxy section */

/* Begin PBXFileReference section */
		09ACE56D199FD44800D97AC8 /* clone2048.app */ = {isa = PBXFileReference; explicitFileType = wrapper.application; includeInIndex = 0; path = clone2048.app; sourceTree = BUILT_PRODUCTS_DIR; };
		09ACE570199FD44800D97AC8 /* Foundation.framework */ = {isa = PBXFileReference; lastKnownFileType = wrapper.framework; name = Foundation.framework; path = System/Library/Frameworks/Foundation.framework; sourceTree = SDKROOT; };
		09ACE572199FD44800D97AC8 /* CoreGraphics.framework */ = {isa = PBXFileReference; lastKnownFileType = wrapper.framework; name = CoreGraphics.framework; path = System/Library/Frameworks/CoreGraphics.framework; sourceTree = SDKROOT; };
		09ACE574199FD44800D97AC8 /* UIKit.framework */ = {isa = PBXFileReference; lastKnownFileType = wrapper.framework; name = UIKit.framework; path = System/Library/Frameworks/UIKit.framework; sourceTree = SDKROOT; };
		09ACE576199FD44800D97AC8 /* SpriteKit.framework */ = {isa = PBXFileReference; lastKnownFileType = wrapper.framework; name = SpriteKit.framework; path = System/Library/Frameworks/SpriteKit.framework; sourceTree = SDKROOT; };
		09ACE57A199FD44800D97AC8 /* clone2048-Info.plist */ = {isa = PBXFileReference; lastKnownFileType = text.plist.xml; path = "clone2048-Info.plist"; sourceTree = "<group>"; };
		09ACE57C199FD44800D97AC8 /* en */ = {isa = PBXFileReference; lastKnownFileType = text.plist.strings; name = en; path = en.lproj/InfoPlist.strings; sourceTree = "<group>"; };
		09ACE57E199FD44800D97AC8 /* main.m */ = {isa = PBXFileReference; lastKnownFileType = sourcecode.c.objc; path = main.m; sourceTree = "<group>"; };
		09ACE580199FD44800D97AC8 /* clone2048-Prefix.pch */ = {isa = PBXFileReference; lastKnownFileType = sourcecode.c.h; path = "clone2048-Prefix.pch"; sourceTree = "<group>"; };
		09ACE581199FD44800D97AC8 /* AppDelegate.h */ = {isa = PBXFileReference; lastKnownFileType = sourcecode.c.h; path = AppDelegate.h; sourceTree = "<group>"; };
		09ACE582199FD44800D97AC8 /* AppDelegate.m */ = {isa = PBXFileReference; lastKnownFileType = sourcecode.c.objc; path = AppDelegate.m; sourceTree = "<group>"; };
		09ACE585199FD44800D97AC8 /* Base */ = {isa = PBXFileReference; lastKnownFileType = file.storyboard; name = Base; path = Base.lproj/Main_iPhone.storyboard; sourceTree = "<group>"; };
		09ACE588199FD44800D97AC8 /* Base */ = {isa = PBXFileReference; lastKnownFileType = file.storyboard; name = Base; path = Base.lproj/Main_iPad.storyboard; sourceTree = "<group>"; };
		09ACE58A199FD44800D97AC8 /* ViewController.h */ = {isa = PBXFileReference; lastKnownFileType = sourcecode.c.h; path = ViewController.h; sourceTree = "<group>"; };
		09ACE58B199FD44800D97AC8 /* ViewController.m */ = {isa = PBXFileReference; lastKnownFileType = sourcecode.c.objc; path = ViewController.m; sourceTree = "<group>"; };
		09ACE58D199FD44800D97AC8 /* MyScene.h */ = {isa = PBXFileReference; lastKnownFileType = sourcecode.c.h; path = MyScene.h; sourceTree = "<group>"; };
		09ACE58E199FD44800D97AC8 /* MyScene.m */ = {isa = PBXFileReference; lastKnownFileType = sourcecode.c.objc; path = MyScene.m; sourceTree = "<group>"; };
		09ACE590199FD44800D97AC8 /* Spaceship.png */ = {isa = PBXFileReference; lastKnownFileType = image.png; path = Spaceship.png; sourceTree = "<group>"; };
		09ACE592199FD44800D97AC8 /* Images.xcassets */ = {isa = PBXFileReference; lastKnownFileType = folder.assetcatalog; path = Images.xcassets; sourceTree = "<group>"; };
		09ACE598199FD44800D97AC8 /* clone2048Tests.xctest */ = {isa = PBXFileReference; explicitFileType = wrapper.cfbundle; includeInIndex = 0; path = clone2048Tests.xctest; sourceTree = BUILT_PRODUCTS_DIR; };
		09ACE599199FD44800D97AC8 /* XCTest.framework */ = {isa = PBXFileReference; lastKnownFileType = wrapper.framework; name = XCTest.framework; path = Library/Frameworks/XCTest.framework; sourceTree = DEVELOPER_DIR; };
		09ACE5A1199FD44800D97AC8 /* clone2048Tests-Info.plist */ = {isa = PBXFileReference; lastKnownFileType = text.plist.xml; path = "clone2048Tests-Info.plist"; sourceTree = "<group>"; };
		09ACE5A3199FD44800D97AC8 /* en */ = {isa = PBXFileReference; lastKnownFileType = text.plist.strings; name = en; path = en.lproj/InfoPlist.strings; sourceTree = "<group>"; };
		09ACE5A5199FD44800D97AC8 /* clone2048Tests.m */ = {isa = PBXFileReference; lastKnownFileType = sourcecode.c.objc; path = clone2048Tests.m; sourceTree = "<group>"; };
/* End PBXFileReference section */

/* Begin PBXFrameworksBuildPhase section */
		09ACE56A199FD44800D97AC8 /* Frameworks */ = {
			isa = PBXFrameworksBuildPhase;
			buildActionMask = 2147483647;
			files = (
				09ACE573199FD44800D97AC8 /* CoreGraphics.framework in Frameworks */,
				09ACE575199FD44800D97AC8 /* UIKit.framework in Frameworks */,
				09ACE577199FD44800D97AC8 /* SpriteKit.framework in Frameworks */,
				09ACE571199FD44800D97AC8 /* Foundation.framework in Frameworks */,
			);
			runOnlyForDeploymentPostprocessing = 0;
		};
		09ACE595199FD44800D97AC8 /* Frameworks */ = {
			isa = PBXFrameworksBuildPhase;
			buildActionMask = 2147483647;
			files = (
				09ACE59A199FD44800D97AC8 /* XCTest.framework in Frameworks */,
				09ACE59C199FD44800D97AC8 /* UIKit.framework in Frameworks */,
				09ACE59B199FD44800D97AC8 /* Foundation.framework in Frameworks */,
			);
			runOnlyForDeploymentPostprocessing = 0;
		};
/* End PBXFrameworksBuildPhase section */

/* Begin PBXGroup section */
		09ACE564199FD44800D97AC8 = {
			isa = PBXGroup;
			children = (
				09ACE578199FD44800D97AC8 /* clone2048 */,
				09ACE59F199FD44800D97AC8 /* clone2048Tests */,
				09ACE56F199FD44800D97AC8 /* Frameworks */,
				09ACE56E199FD44800D97AC8 /* Products */,
			);
			sourceTree = "<group>";
		};
		09ACE56E199FD44800D97AC8 /* Products */ = {
			isa = PBXGroup;
			children = (
				09ACE56D199FD44800D97AC8 /* clone2048.app */,
				09ACE598199FD44800D97AC8 /* clone2048Tests.xctest */,
			);
			name = Products;
			sourceTree = "<group>";
		};
		09ACE56F199FD44800D97AC8 /* Frameworks */ = {
			isa = PBXGroup;
			children = (
				09ACE570199FD44800D97AC8 /* Foundation.framework */,
				09ACE572199FD44800D97AC8 /* CoreGraphics.framework */,
				09ACE574199FD44800D97AC8 /* UIKit.framework */,
				09ACE576199FD44800D97AC8 /* SpriteKit.framework */,
				09ACE599199FD44800D97AC8 /* XCTest.framework */,
			);
			name = Frameworks;
			sourceTree = "<group>";
		};
		09ACE578199FD44800D97AC8 /* clone2048 */ = {
			isa = PBXGroup;
			children = (
				09ACE581199FD44800D97AC8 /* AppDelegate.h */,
				09ACE582199FD44800D97AC8 /* AppDelegate.m */,
				09ACE584199FD44800D97AC8 /* Main_iPhone.storyboard */,
				09ACE587199FD44800D97AC8 /* Main_iPad.storyboard */,
				09ACE58A199FD44800D97AC8 /* ViewController.h */,
				09ACE58B199FD44800D97AC8 /* ViewController.m */,
				09ACE58D199FD44800D97AC8 /* MyScene.h */,
				09ACE58E199FD44800D97AC8 /* MyScene.m */,
				09ACE590199FD44800D97AC8 /* Spaceship.png */,
				09ACE592199FD44800D97AC8 /* Images.xcassets */,
				09ACE579199FD44800D97AC8 /* Supporting Files */,
			);
			path = clone2048;
			sourceTree = "<group>";
		};
		09ACE579199FD44800D97AC8 /* Supporting Files */ = {
			isa = PBXGroup;
			children = (
				09ACE57A199FD44800D97AC8 /* clone2048-Info.plist */,
				09ACE57B199FD44800D97AC8 /* InfoPlist.strings */,
				09ACE57E199FD44800D97AC8 /* main.m */,
				09ACE580199FD44800D97AC8 /* clone2048-Prefix.pch */,
			);
			name = "Supporting Files";
			sourceTree = "<group>";
		};
		09ACE59F199FD44800D97AC8 /* clone2048Tests */ = {
			isa = PBXGroup;
			children = (
				09ACE5A5199FD44800D97AC8 /* clone2048Tests.m */,
				09ACE5A0199FD44800D97AC8 /* Supporting Files */,
			);
			path = clone2048Tests;
			sourceTree = "<group>";
		};
		09ACE5A0199FD44800D97AC8 /* Supporting Files */ = {
			isa = PBXGroup;
			children = (
				09ACE5A1199FD44800D97AC8 /* clone2048Tests-Info.plist */,
				09ACE5A2199FD44800D97AC8 /* InfoPlist.strings */,
			);
			name = "Supporting Files";
			sourceTree = "<group>";
		};
/* End PBXGroup section */

/* Begin PBXNativeTarget section */
		09ACE56C199FD44800D97AC8 /* clone2048 */ = {
			isa = PBXNativeTarget;
			buildConfigurationList = 09ACE5A9199FD44800D97AC8 /* Build configuration list for PBXNativeTarget "clone2048" */;
			buildPhases = (
				09ACE569199FD44800D97AC8 /* Sources */,
				09ACE56A199FD44800D97AC8 /* Frameworks */,
				09ACE56B199FD44800D97AC8 /* Resources */,
			);
			buildRules = (
			);
			dependencies = (
			);
			name = clone2048;
			productName = clone2048;
			productReference = 09ACE56D199FD44800D97AC8 /* clone2048.app */;
			productType = "com.apple.product-type.application";
		};
		09ACE597199FD44800D97AC8 /* clone2048Tests */ = {
			isa = PBXNativeTarget;
			buildConfigurationList = 09ACE5AC199FD44800D97AC8 /* Build configuration list for PBXNativeTarget "clone2048Tests" */;
			buildPhases = (
				09ACE594199FD44800D97AC8 /* Sources */,
				09ACE595199FD44800D97AC8 /* Frameworks */,
				09ACE596199FD44800D97AC8 /* Resources */,
			);
			buildRules = (
			);
			dependencies = (
				09ACE59E199FD44800D97AC8 /* PBXTargetDependency */,
			);
			name = clone2048Tests;
			productName = clone2048Tests;
			productReference = 09ACE598199FD44800D97AC8 /* clone2048Tests.xctest */;
			productType = "com.apple.product-type.bundle.unit-test";
		};
/* End PBXNativeTarget section */

/* Begin PBXProject section */
		09ACE565199FD44800D97AC8 /* Project object */ = {
			isa = PBXProject;
			attributes = {
				LastUpgradeCheck = 0510;
				ORGANIZATIONNAME = "Ilya Boltnev";
				TargetAttributes = {
					09ACE597199FD44800D97AC8 = {
						TestTargetID = 09ACE56C199FD44800D97AC8;
					};
				};
			};
			buildConfigurationList = 09ACE568199FD44800D97AC8 /* Build configuration list for PBXProject "clone2048" */;
			compatibilityVersion = "Xcode 3.2";
			developmentRegion = English;
			hasScannedForEncodings = 0;
			knownRegions = (
				en,
				Base,
			);
			mainGroup = 09ACE564199FD44800D97AC8;
			productRefGroup = 09ACE56E199FD44800D97AC8 /* Products */;
			projectDirPath = "";
			projectRoot = "";
			targets = (
				09ACE56C199FD44800D97AC8 /* clone2048 */,
				09ACE597199FD44800D97AC8 /* clone2048Tests */,
			);
		};
/* End PBXProject section */

/* Begin PBXResourcesBuildPhase section */
		09ACE56B199FD44800D97AC8 /* Resources */ = {
			isa = PBXResourcesBuildPhase;
			buildActionMask = 2147483647;
			files = (
				09ACE591199FD44800D97AC8 /* Spaceship.png in Resources */,
				09ACE593199FD44800D97AC8 /* Images.xcassets in Resources */,
				09ACE589199FD44800D97AC8 /* Main_iPad.storyboard in Resources */,
				09ACE586199FD44800D97AC8 /* Main_iPhone.storyboard in Resources */,
				09ACE57D199FD44800D97AC8 /* InfoPlist.strings in Resources */,
			);
			runOnlyForDeploymentPostprocessing = 0;
		};
		09ACE596199FD44800D97AC8 /* Resources */ = {
			isa = PBXResourcesBuildPhase;
			buildActionMask = 2147483647;
			files = (
				09ACE5A4199FD44800D97AC8 /* InfoPlist.strings in Resources */,
			);
			runOnlyForDeploymentPostprocessing = 0;
		};
/* End PBXResourcesBuildPhase section */

/* Begin PBXSourcesBuildPhase section */
		09ACE569199FD44800D97AC8 /* Sources */ = {
			isa = PBXSourcesBuildPhase;
			buildActionMask = 2147483647;
			files = (
				09ACE58F199FD44800D97AC8 /* MyScene.m in Sources */,
				09ACE58C199FD44800D97AC8 /* ViewController.m in Sources */,
				09ACE583199FD44800D97AC8 /* AppDelegate.m in Sources */,
				09ACE57F199FD44800D97AC8 /* main.m in Sources */,
			);
			runOnlyForDeploymentPostprocessing = 0;
		};
		09ACE594199FD44800D97AC8 /* Sources */ = {
			isa = PBXSourcesBuildPhase;
			buildActionMask = 2147483647;
			files = (
				09ACE5A6199FD44800D97AC8 /* clone2048Tests.m in Sources */,
			);
			runOnlyForDeploymentPostprocessing = 0;
		};
/* End PBXSourcesBuildPhase section */

/* Begin PBXTargetDependency section */
		09ACE59E199FD44800D97AC8 /* PBXTargetDependency */ = {
			isa = PBXTargetDependency;
			target = 09ACE56C199FD44800D97AC8 /* clone2048 */;
			targetProxy = 09ACE59D199FD44800D97AC8 /* PBXContainerItemProxy */;
		};
/* End PBXTargetDependency section */

/* Begin PBXVariantGroup section */
		09ACE57B199FD44800D97AC8 /* InfoPlist.strings */ = {
			isa = PBXVariantGroup;
			children = (
				09ACE57C199FD44800D97AC8 /* en */,
			);
			name = InfoPlist.strings;
			sourceTree = "<group>";
		};
		09ACE584199FD44800D97AC8 /* Main_iPhone.storyboard */ = {
			isa = PBXVariantGroup;
			children = (
				09ACE585199FD44800D97AC8 /* Base */,
			);
			name = Main_iPhone.storyboard;
			sourceTree = "<group>";
		};
		09ACE587199FD44800D97AC8 /* Main_iPad.storyboard */ = {
			isa = PBXVariantGroup;
			children = (
				09ACE588199FD44800D97AC8 /* Base */,
			);
			name = Main_iPad.storyboard;
			sourceTree = "<group>";
		};
		09ACE5A2199FD44800D97AC8 /* InfoPlist.strings */ = {
			isa = PBXVariantGroup;
			children = (
				09ACE5A3199FD44800D97AC8 /* en */,
			);
			name = InfoPlist.strings;
			sourceTree = "<group>";
		};
/* End PBXVariantGroup section */

/* Begin XCBuildConfiguration section */
		09ACE5A7199FD44800D97AC8 /* Debug */ = {
			isa = XCBuildConfiguration;
			buildSettings = {
				ALWAYS_SEARCH_USER_PATHS = NO;
				CLANG_CXX_LANGUAGE_STANDARD = "gnu++0x";
				CLANG_CXX_LIBRARY = "libc++";
				CLANG_ENABLE_MODULES = YES;
				CLANG_ENABLE_OBJC_ARC = YES;
				CLANG_WARN_BOOL_CONVERSION = YES;
				CLANG_WARN_CONSTANT_CONVERSION = YES;
				CLANG_WARN_DIRECT_OBJC_ISA_USAGE = YES_ERROR;
				CLANG_WARN_EMPTY_BODY = YES;
				CLANG_WARN_ENUM_CONVERSION = YES;
				CLANG_WARN_INT_CONVERSION = YES;
				CLANG_WARN_OBJC_ROOT_CLASS = YES_ERROR;
				CLANG_WARN__DUPLICATE_METHOD_MATCH = YES;
				"CODE_SIGN_IDENTITY[sdk=iphoneos*]" = "iPhone Developer";
				COPY_PHASE_STRIP = NO;
				GCC_C_LANGUAGE_STANDARD = gnu99;
				GCC_DYNAMIC_NO_PIC = NO;
				GCC_OPTIMIZATION_LEVEL = 0;
				GCC_PREPROCESSOR_DEFINITIONS = (
					"DEBUG=1",
					"$(inherited)",
				);
				GCC_SYMBOLS_PRIVATE_EXTERN = NO;
				GCC_WARN_64_TO_32_BIT_CONVERSION = YES;
				GCC_WARN_ABOUT_RETURN_TYPE = YES_ERROR;
				GCC_WARN_UNDECLARED_SELECTOR = YES;
				GCC_WARN_UNINITIALIZED_AUTOS = YES_AGGRESSIVE;
				GCC_WARN_UNUSED_FUNCTION = YES;
				GCC_WARN_UNUSED_VARIABLE = YES;
				IPHONEOS_DEPLOYMENT_TARGET = 7.1;
				ONLY_ACTIVE_ARCH = YES;
				SDKROOT = iphoneos;
				TARGETED_DEVICE_FAMILY = "1,2";
			};
			name = Debug;
		};
		09ACE5A8199FD44800D97AC8 /* Release */ = {
			isa = XCBuildConfiguration;
			buildSettings = {
				ALWAYS_SEARCH_USER_PATHS = NO;
				CLANG_CXX_LANGUAGE_STANDARD = "gnu++0x";
				CLANG_CXX_LIBRARY = "libc++";
				CLANG_ENABLE_MODULES = YES;
				CLANG_ENABLE_OBJC_ARC = YES;
				CLANG_WARN_BOOL_CONVERSION = YES;
				CLANG_WARN_CONSTANT_CONVERSION = YES;
				CLANG_WARN_DIRECT_OBJC_ISA_USAGE = YES_ERROR;
				CLANG_WARN_EMPTY_BODY = YES;
				CLANG_WARN_ENUM_CONVERSION = YES;
				CLANG_WARN_INT_CONVERSION = YES;
				CLANG_WARN_OBJC_ROOT_CLASS = YES_ERROR;
				CLANG_WARN__DUPLICATE_METHOD_MATCH = YES;
				"CODE_SIGN_IDENTITY[sdk=iphoneos*]" = "iPhone Developer";
				COPY_PHASE_STRIP = YES;
				ENABLE_NS_ASSERTIONS = NO;
				GCC_C_LANGUAGE_STANDARD = gnu99;
				GCC_WARN_64_TO_32_BIT_CONVERSION = YES;
				GCC_WARN_ABOUT_RETURN_TYPE = YES_ERROR;
				GCC_WARN_UNDECLARED_SELECTOR = YES;
				GCC_WARN_UNINITIALIZED_AUTOS = YES_AGGRESSIVE;
				GCC_WARN_UNUSED_FUNCTION = YES;
				GCC_WARN_UNUSED_VARIABLE = YES;
				IPHONEOS_DEPLOYMENT_TARGET = 7.1;
				SDKROOT = iphoneos;
				TARGETED_DEVICE_FAMILY = "1,2";
				VALIDATE_PRODUCT = YES;
			};
			name = Release;
		};
		09ACE5AA199FD44800D97AC8 /* Debug */ = {
			isa = XCBuildConfiguration;
			buildSettings = {
				ASSETCATALOG_COMPILER_APPICON_NAME = AppIcon;
				ASSETCATALOG_COMPILER_LAUNCHIMAGE_NAME = LaunchImage;
				GCC_PRECOMPILE_PREFIX_HEADER = YES;
				GCC_PREFIX_HEADER = "clone2048/clone2048-Prefix.pch";
				INFOPLIST_FILE = "clone2048/clone2048-Info.plist";
				PRODUCT_NAME = "$(TARGET_NAME)";
				SPRITEKIT_TEXTURE_ATLAS_OUTPUT = YES;
				WRAPPER_EXTENSION = app;
			};
			name = Debug;
		};
		09ACE5AB199FD44800D97AC8 /* Release */ = {
			isa = XCBuildConfiguration;
			buildSettings = {
				ASSETCATALOG_COMPILER_APPICON_NAME = AppIcon;
				ASSETCATALOG_COMPILER_LAUNCHIMAGE_NAME = LaunchImage;
				GCC_PRECOMPILE_PREFIX_HEADER = YES;
				GCC_PREFIX_HEADER = "clone2048/clone2048-Prefix.pch";
				INFOPLIST_FILE = "clone2048/clone2048-Info.plist";
				PRODUCT_NAME = "$(TARGET_NAME)";
				SPRITEKIT_TEXTURE_ATLAS_OUTPUT = YES;
				WRAPPER_EXTENSION = app;
			};
			name = Release;
		};
		09ACE5AD199FD44800D97AC8 /* Debug */ = {
			isa = XCBuildConfiguration;
			buildSettings = {
				BUNDLE_LOADER = "$(BUILT_PRODUCTS_DIR)/clone2048.app/clone2048";
				FRAMEWORK_SEARCH_PATHS = (
					"$(SDKROOT)/Developer/Library/Frameworks",
					"$(inherited)",
					"$(DEVELOPER_FRAMEWORKS_DIR)",
				);
				GCC_PRECOMPILE_PREFIX_HEADER = YES;
				GCC_PREFIX_HEADER = "clone2048/clone2048-Prefix.pch";
				GCC_PREPROCESSOR_DEFINITIONS = (
					"DEBUG=1",
					"$(inherited)",
				);
				INFOPLIST_FILE = "clone2048Tests/clone2048Tests-Info.plist";
				PRODUCT_NAME = "$(TARGET_NAME)";
				TEST_HOST = "$(BUNDLE_LOADER)";
				WRAPPER_EXTENSION = xctest;
			};
			name = Debug;
		};
		09ACE5AE199FD44800D97AC8 /* Release */ = {
			isa = XCBuildConfiguration;
			buildSettings = {
				BUNDLE_LOADER = "$(BUILT_PRODUCTS_DIR)/clone2048.app/clone2048";
				FRAMEWORK_SEARCH_PATHS = (
					"$(SDKROOT)/Developer/Library/Frameworks",
					"$(inherited)",
					"$(DEVELOPER_FRAMEWORKS_DIR)",
				);
				GCC_PRECOMPILE_PREFIX_HEADER = YES;
				GCC_PREFIX_HEADER = "clone2048/clone2048-Prefix.pch";
				INFOPLIST_FILE = "clone2048Tests/clone2048Tests-Info.plist";
				PRODUCT_NAME = "$(TARGET_NAME)";
				TEST_HOST = "$(BUNDLE_LOADER)";
				WRAPPER_EXTENSION = xctest;
			};
			name = Release;
		};
/* End XCBuildConfiguration section */

/* Begin XCConfigurationList section */
		09ACE568199FD44800D97AC8 /* Build configuration list for PBXProject "clone2048" */ = {
			isa = XCConfigurationList;
			buildConfigurations = (
				09ACE5A7199FD44800D97AC8 /* Debug */,
				09ACE5A8199FD44800D97AC8 /* Release */,
			);
			defaultConfigurationIsVisible = 0;
			defaultConfigurationName = Release;
		};
		09ACE5A9199FD44800D97AC8 /* Build configuration list for PBXNativeTarget "clone2048" */ = {
			isa = XCConfigurationList;
			buildConfigurations = (
				09ACE5AA199FD44800D97AC8 /* Debug */,
				09ACE5AB199FD44800D97AC8 /* Release */,
			);
			defaultConfigurationIsVisible = 0;
		};
		09ACE5AC199FD44800D97AC8 /* Build configuration list for PBXNativeTarget "clone2048Tests" */ = {
			isa = XCConfigurationList;
			buildConfigurations = (
				09ACE5AD199FD44800D97AC8 /* Debug */,
				09ACE5AE199FD44800D97AC8 /* Release */,
			);
			defaultConfigurationIsVisible = 0;
		};
/* End XCConfigurationList section */
	};
	rootObject = 09ACE565199FD44800D97AC8 /* Project object */;
}
